
Microsoft Visual Studio Solution File, Format Version 12.00
# Visual Studio Version 16
VisualStudioVersion = 16.0.30907.101
MinimumVisualStudioVersion = 10.0.40219.1
Project("{2150E333-8FDC-42A3-9474-1A3956D46DE8}") = "src", "src", "{76C6AAF2-03DC-4947-ACD9-F91A0425C31A}"
EndProject
Project("{2150E333-8FDC-42A3-9474-1A3956D46DE8}") = "tests", "tests", "{3AE4293F-EB55-427D-ACAD-BCAC96BEBD7A}"
EndProject
Project("{9A19103F-16F7-4668-BE54-9A1E7A4F7556}") = "ApplicationCore", "src\ApplicationCore\ApplicationCore.csproj", "{6E38D507-1210-4F87-A9FE-3EC57ED8142B}"
EndProject
Project("{9A19103F-16F7-4668-BE54-9A1E7A4F7556}") = "Infrastructure", "src\Infrastructure\Infrastructure.csproj", "{B0CB892B-8F16-45C1-AD91-4114E1E6D6B1}"
EndProject
Project("{9A19103F-16F7-4668-BE54-9A1E7A4F7556}") = "Web", "src\Web\Web.csproj", "{083806DC-799E-4DDB-A30C-2D2B5D45893C}"
EndProject
Project("{9A19103F-16F7-4668-BE54-9A1E7A4F7556}") = "UnitTests", "tests\UnitTests\UnitTests.csproj", "{92568D1E-F57C-49AF-9269-74F77FAB54C8}"
EndProject
Project("{2150E333-8FDC-42A3-9474-1A3956D46DE8}") = "Solution Items", "Solution Items", "{85D73551-23C3-458E-88CA-A560A0D2028C}"
	ProjectSection(SolutionItems) = preProject
		notes.txt = notes.txt
	EndProjectSection
EndProject
Global
	GlobalSection(SolutionConfigurationPlatforms) = preSolution
		Debug|Any CPU = Debug|Any CPU
		Release|Any CPU = Release|Any CPU
	EndGlobalSection
	GlobalSection(ProjectConfigurationPlatforms) = postSolution
		{6E38D507-1210-4F87-A9FE-3EC57ED8142B}.Debug|Any CPU.ActiveCfg = Debug|Any CPU
		{6E38D507-1210-4F87-A9FE-3EC57ED8142B}.Debug|Any CPU.Build.0 = Debug|Any CPU
		{6E38D507-1210-4F87-A9FE-3EC57ED8142B}.Release|Any CPU.ActiveCfg = Release|Any CPU
		{6E38D507-1210-4F87-A9FE-3EC57ED8142B}.Release|Any CPU.Build.0 = Release|Any CPU
		{B0CB892B-8F16-45C1-AD91-4114E1E6D6B1}.Debug|Any CPU.ActiveCfg = Debug|Any CPU
		{B0CB892B-8F16-45C1-AD91-4114E1E6D6B1}.Debug|Any CPU.Build.0 = Debug|Any CPU
		{B0CB892B-8F16-45C1-AD91-4114E1E6D6B1}.Release|Any CPU.ActiveCfg = Release|Any CPU
		{B0CB892B-8F16-45C1-AD91-4114E1E6D6B1}.Release|Any CPU.Build.0 = Release|Any CPU
		{083806DC-799E-4DDB-A30C-2D2B5D45893C}.Debug|Any CPU.ActiveCfg = Debug|Any CPU
		{083806DC-799E-4DDB-A30C-2D2B5D45893C}.Debug|Any CPU.Build.0 = Debug|Any CPU
		{083806DC-799E-4DDB-A30C-2D2B5D45893C}.Release|Any CPU.ActiveCfg = Release|Any CPU
		{083806DC-799E-4DDB-A30C-2D2B5D45893C}.Release|Any CPU.Build.0 = Release|Any CPU
		{92568D1E-F57C-49AF-9269-74F77FAB54C8}.Debug|Any CPU.ActiveCfg = Debug|Any CPU
		{92568D1E-F57C-49AF-9269-74F77FAB54C8}.Debug|Any CPU.Build.0 = Debug|Any CPU
		{92568D1E-F57C-49AF-9269-74F77FAB54C8}.Release|Any CPU.ActiveCfg = Release|Any CPU
		{92568D1E-F57C-49AF-9269-74F77FAB54C8}.Release|Any CPU.Build.0 = Release|Any CPU
	EndGlobalSection
	GlobalSection(SolutionProperties) = preSolution
		HideSolutionNode = FALSE
	EndGlobalSection
	GlobalSection(NestedProjects) = preSolution
		{6E38D507-1210-4F87-A9FE-3EC57ED8142B} = {76C6AAF2-03DC-4947-ACD9-F91A0425C31A}
		{B0CB892B-8F16-45C1-AD91-4114E1E6D6B1} = {76C6AAF2-03DC-4947-ACD9-F91A0425C31A}
		{083806DC-799E-4DDB-A30C-2D2B5D45893C} = {76C6AAF2-03DC-4947-ACD9-F91A0425C31A}
		{92568D1E-F57C-49AF-9269-74F77FAB54C8} = {3AE4293F-EB55-427D-ACAD-BCAC96BEBD7A}
	EndGlobalSection
	GlobalSection(ExtensibilityGlobals) = postSolution
		SolutionGuid = {C3C16614-8074-440F-A16E-05BE39E91BDD}
	EndGlobalSection
EndGlobal
